
Microsoft Visual Studio Solution File, Format Version 12.00
# Visual Studio 14
VisualStudioVersion = 14.0.23107.0
MinimumVisualStudioVersion = 10.0.40219.1
Project("{8BC9CEB8-8B4A-11D0-8D11-00A0C91BC942}") = "SPOLKS_Client", "SPOLKS_Client\SPOLKS_Client.vcxproj", "{359318A8-5035-4894-AE8A-8A0377A939EC}"
EndProject
Global
	GlobalSection(SolutionConfigurationPlatforms) = preSolution
		Debug|x64 = Debug|x64
		Debug|x86 = Debug|x86
		Release|x64 = Release|x64
		Release|x86 = Release|x86
	EndGlobalSection
	GlobalSection(ProjectConfigurationPlatforms) = postSolution
		{359318A8-5035-4894-AE8A-8A0377A939EC}.Debug|x64.ActiveCfg = Debug|x64
		{359318A8-5035-4894-AE8A-8A0377A939EC}.Debug|x64.Build.0 = Debug|x64
		{359318A8-5035-4894-AE8A-8A0377A939EC}.Debug|x86.ActiveCfg = Debug|Win32
		{359318A8-5035-4894-AE8A-8A0377A939EC}.Debug|x86.Build.0 = Debug|Win32
		{359318A8-5035-4894-AE8A-8A0377A939EC}.Release|x64.ActiveCfg = Release|x64
		{359318A8-5035-4894-AE8A-8A0377A939EC}.Release|x64.Build.0 = Release|x64
		{359318A8-5035-4894-AE8A-8A0377A939EC}.Release|x86.ActiveCfg = Release|Win32
		{359318A8-5035-4894-AE8A-8A0377A939EC}.Release|x86.Build.0 = Release|Win32
	EndGlobalSection
	GlobalSection(SolutionProperties) = preSolution
		HideSolutionNode = FALSE
	EndGlobalSection
EndGlobal
